
Microsoft Visual Studio Solution File, Format Version 12.00
# Visual Studio Version 17
VisualStudioVersion = 17.2.32630.192
MinimumVisualStudioVersion = 10.0.40219.1
Project("{9A19103F-16F7-4668-BE54-9A1E7A4F7556}") = "UVOEE_Trading", "UVOEE_Trading.csproj", "{76604853-3698-47C1-AE62-927DF33E8BDE}"
EndProject
Global
	GlobalSection(SolutionConfigurationPlatforms) = preSolution
		Debug|Any CPU = Debug|Any CPU
		Release|Any CPU = Release|Any CPU
	EndGlobalSection
	GlobalSection(ProjectConfigurationPlatforms) = postSolution
		{76604853-3698-47C1-AE62-927DF33E8BDE}.Debug|Any CPU.ActiveCfg = Debug|Any CPU
		{76604853-3698-47C1-AE62-927DF33E8BDE}.Debug|Any CPU.Build.0 = Debug|Any CPU
		{76604853-3698-47C1-AE62-927DF33E8BDE}.Release|Any CPU.ActiveCfg = Release|Any CPU
		{76604853-3698-47C1-AE62-927DF33E8BDE}.Release|Any CPU.Build.0 = Release|Any CPU
	EndGlobalSection
	GlobalSection(SolutionProperties) = preSolution
		HideSolutionNode = FALSE
	EndGlobalSection
	GlobalSection(ExtensibilityGlobals) = postSolution
		SolutionGuid = {7A18518D-DDE9-4802-94D9-6F8B6F6E82A9}
	EndGlobalSection
EndGlobal
